
Microsoft Visual Studio Solution File, Format Version 12.00
# Visual Studio Version 17
VisualStudioVersion = 17.11.35327.3
MinimumVisualStudioVersion = 10.0.40219.1
Project("{FAE04EC0-301F-11D3-BF4B-00C04F79EFBC}") = "PropertySetViewer", "PropertySetViewer.csproj", "{291B70CA-A934-4E28-B803-15E4E45A914A}"
EndProject
Global
	GlobalSection(SolutionConfigurationPlatforms) = preSolution
		Debug|Any CPU = Debug|Any CPU
		Release|Any CPU = Release|Any CPU
	EndGlobalSection
	GlobalSection(ProjectConfigurationPlatforms) = postSolution
		{291B70CA-A934-4E28-B803-15E4E45A914A}.Debug|Any CPU.ActiveCfg = Debug|Any CPU
		{291B70CA-A934-4E28-B803-15E4E45A914A}.Debug|Any CPU.Build.0 = Debug|Any CPU
		{291B70CA-A934-4E28-B803-15E4E45A914A}.Release|Any CPU.ActiveCfg = Release|Any CPU
		{291B70CA-A934-4E28-B803-15E4E45A914A}.Release|Any CPU.Build.0 = Release|Any CPU
	EndGlobalSection
	GlobalSection(SolutionProperties) = preSolution
		HideSolutionNode = FALSE
	EndGlobalSection
	GlobalSection(ExtensibilityGlobals) = postSolution
		SolutionGuid = {0714326D-31E3-4882-B45D-6EFF013F3D4F}
	EndGlobalSection
EndGlobal
